
Microsoft Visual Studio Solution File, Format Version 12.00
# Visual Studio Version 16
VisualStudioVersion = 16.0.29613.14
MinimumVisualStudioVersion = 10.0.40219.1
Project("{FAE04EC0-301F-11D3-BF4B-00C04F79EFBC}") = "SalesWebMvc", "SalesWebMvc\SalesWebMvc.csproj", "{FE6DFB1F-D06F-4927-A30D-0CED7F89C05C}"
EndProject
Global
	GlobalSection(SolutionConfigurationPlatforms) = preSolution
		Debug|Any CPU = Debug|Any CPU
		Release|Any CPU = Release|Any CPU
	EndGlobalSection
	GlobalSection(ProjectConfigurationPlatforms) = postSolution
		{FE6DFB1F-D06F-4927-A30D-0CED7F89C05C}.Debug|Any CPU.ActiveCfg = Debug|Any CPU
		{FE6DFB1F-D06F-4927-A30D-0CED7F89C05C}.Debug|Any CPU.Build.0 = Debug|Any CPU
		{FE6DFB1F-D06F-4927-A30D-0CED7F89C05C}.Release|Any CPU.ActiveCfg = Release|Any CPU
		{FE6DFB1F-D06F-4927-A30D-0CED7F89C05C}.Release|Any CPU.Build.0 = Release|Any CPU
	EndGlobalSection
	GlobalSection(SolutionProperties) = preSolution
		HideSolutionNode = FALSE
	EndGlobalSection
	GlobalSection(ExtensibilityGlobals) = postSolution
		SolutionGuid = {6A30A12A-755B-42A2-99FF-88B8DEEC1653}
	EndGlobalSection
EndGlobal
